
Microsoft Visual Studio Solution File, Format Version 12.00
Project("{FAE04EC0-301F-11D3-BF4B-00C04F79EFBC}") = "Spark", "Spark\Spark.csproj", "{F8858C86-5D2B-4EB6-AB75-A96F48B5DEE8}"
EndProject
Project("{FAE04EC0-301F-11D3-BF4B-00C04F79EFBC}") = "SparkyMSTest", "SparkyMSTest\SparkyMSTest.csproj", "{B84E13F2-1E5E-455C-A68D-2B0534DD1BD1}"
EndProject
Project("{FAE04EC0-301F-11D3-BF4B-00C04F79EFBC}") = "SparkyNUnitTest", "SparkyNUnitTest\SparkyNUnitTest.csproj", "{C882E7F7-2ABF-4142-A925-38A4CDDE97E1}"
EndProject
Global
	GlobalSection(SolutionConfigurationPlatforms) = preSolution
		Debug|Any CPU = Debug|Any CPU
		Release|Any CPU = Release|Any CPU
	EndGlobalSection
	GlobalSection(ProjectConfigurationPlatforms) = postSolution
		{F8858C86-5D2B-4EB6-AB75-A96F48B5DEE8}.Debug|Any CPU.ActiveCfg = Debug|Any CPU
		{F8858C86-5D2B-4EB6-AB75-A96F48B5DEE8}.Debug|Any CPU.Build.0 = Debug|Any CPU
		{F8858C86-5D2B-4EB6-AB75-A96F48B5DEE8}.Release|Any CPU.ActiveCfg = Release|Any CPU
		{F8858C86-5D2B-4EB6-AB75-A96F48B5DEE8}.Release|Any CPU.Build.0 = Release|Any CPU
		{B84E13F2-1E5E-455C-A68D-2B0534DD1BD1}.Debug|Any CPU.ActiveCfg = Debug|Any CPU
		{B84E13F2-1E5E-455C-A68D-2B0534DD1BD1}.Debug|Any CPU.Build.0 = Debug|Any CPU
		{B84E13F2-1E5E-455C-A68D-2B0534DD1BD1}.Release|Any CPU.ActiveCfg = Release|Any CPU
		{B84E13F2-1E5E-455C-A68D-2B0534DD1BD1}.Release|Any CPU.Build.0 = Release|Any CPU
		{C882E7F7-2ABF-4142-A925-38A4CDDE97E1}.Debug|Any CPU.ActiveCfg = Debug|Any CPU
		{C882E7F7-2ABF-4142-A925-38A4CDDE97E1}.Debug|Any CPU.Build.0 = Debug|Any CPU
		{C882E7F7-2ABF-4142-A925-38A4CDDE97E1}.Release|Any CPU.ActiveCfg = Release|Any CPU
		{C882E7F7-2ABF-4142-A925-38A4CDDE97E1}.Release|Any CPU.Build.0 = Release|Any CPU
	EndGlobalSection
EndGlobal
